
Microsoft Visual Studio Solution File, Format Version 12.00
# Visual Studio Version 17
VisualStudioVersion = 17.3.32901.215
MinimumVisualStudioVersion = 10.0.40219.1
Project("{FAE04EC0-301F-11D3-BF4B-00C04F79EFBC}") = "Eşleştirme", "Eşleştirme\Eşleştirme.csproj", "{9F0004AE-7327-4374-AE1E-876C23DB5814}"
EndProject
Global
	GlobalSection(SolutionConfigurationPlatforms) = preSolution
		Debug|Any CPU = Debug|Any CPU
		Release|Any CPU = Release|Any CPU
	EndGlobalSection
	GlobalSection(ProjectConfigurationPlatforms) = postSolution
		{9F0004AE-7327-4374-AE1E-876C23DB5814}.Debug|Any CPU.ActiveCfg = Debug|Any CPU
		{9F0004AE-7327-4374-AE1E-876C23DB5814}.Debug|Any CPU.Build.0 = Debug|Any CPU
		{9F0004AE-7327-4374-AE1E-876C23DB5814}.Release|Any CPU.ActiveCfg = Release|Any CPU
		{9F0004AE-7327-4374-AE1E-876C23DB5814}.Release|Any CPU.Build.0 = Release|Any CPU
	EndGlobalSection
	GlobalSection(SolutionProperties) = preSolution
		HideSolutionNode = FALSE
	EndGlobalSection
	GlobalSection(ExtensibilityGlobals) = postSolution
		SolutionGuid = {596C0EC2-69DD-426C-9C48-7CA1F6BB533E}
	EndGlobalSection
EndGlobal
